// !$*UTF8*$!
{
	archiveVersion = 1;
	classes = {
	};
	objectVersion = 56;
	objects = {

/* Begin PBXBuildFile section */
		5D02E55D2AB22D3800B9311C /* AppDelegate.swift in Sources */ = {isa = PBXBuildFile; fileRef = 5D02E55C2AB22D3800B9311C /* AppDelegate.swift */; };
		5D02E55F2AB22D3800B9311C /* SceneDelegate.swift in Sources */ = {isa = PBXBuildFile; fileRef = 5D02E55E2AB22D3800B9311C /* SceneDelegate.swift */; };
		5D02E5612AB22D3800B9311C /* ViewController.swift in Sources */ = {isa = PBXBuildFile; fileRef = 5D02E5602AB22D3800B9311C /* ViewController.swift */; };
		5D02E5642AB22D3800B9311C /* Main.storyboard in Resources */ = {isa = PBXBuildFile; fileRef = 5D02E5622AB22D3800B9311C /* Main.storyboard */; };
		5D02E5662AB22D3800B9311C /* Assets.xcassets in Resources */ = {isa = PBXBuildFile; fileRef = 5D02E5652AB22D3800B9311C /* Assets.xcassets */; };
		5D02E5692AB22D3800B9311C /* LaunchScreen.storyboard in Resources */ = {isa = PBXBuildFile; fileRef = 5D02E5672AB22D3800B9311C /* LaunchScreen.storyboard */; };
		5D02E5742AB22D3900B9311C /* ZikirMatikTests.swift in Sources */ = {isa = PBXBuildFile; fileRef = 5D02E5732AB22D3900B9311C /* ZikirMatikTests.swift */; };
		5D02E57E2AB22D3900B9311C /* ZikirMatikUITests.swift in Sources */ = {isa = PBXBuildFile; fileRef = 5D02E57D2AB22D3900B9311C /* ZikirMatikUITests.swift */; };
		5D02E5802AB22D3900B9311C /* ZikirMatikUITestsLaunchTests.swift in Sources */ = {isa = PBXBuildFile; fileRef = 5D02E57F2AB22D3900B9311C /* ZikirMatikUITestsLaunchTests.swift */; };
		5DAF3E6F2AB2DC5A00DAA451 /* veriablesWiew.swift in Sources */ = {isa = PBXBuildFile; fileRef = 5DAF3E6E2AB2DC5A00DAA451 /* veriablesWiew.swift */; };
/* End PBXBuildFile section */

/* Begin PBXContainerItemProxy section */
		5D02E5702AB22D3900B9311C /* PBXContainerItemProxy */ = {
			isa = PBXContainerItemProxy;
			containerPortal = 5D02E5512AB22D3700B9311C /* Project object */;
			proxyType = 1;
			remoteGlobalIDString = 5D02E5582AB22D3800B9311C;
			remoteInfo = ZikirMatik;
		};
		5D02E57A2AB22D3900B9311C /* PBXContainerItemProxy */ = {
			isa = PBXContainerItemProxy;
			containerPortal = 5D02E5512AB22D3700B9311C /* Project object */;
			proxyType = 1;
			remoteGlobalIDString = 5D02E5582AB22D3800B9311C;
			remoteInfo = ZikirMatik;
		};
/* End PBXContainerItemProxy section */

/* Begin PBXFileReference section */
		5D02E5592AB22D3800B9311C /* ZikirMatik.app */ = {isa = PBXFileReference; explicitFileType = wrapper.application; includeInIndex = 0; path = ZikirMatik.app; sourceTree = BUILT_PRODUCTS_DIR; };
		5D02E55C2AB22D3800B9311C /* AppDelegate.swift */ = {isa = PBXFileReference; lastKnownFileType = sourcecode.swift; path = AppDelegate.swift; sourceTree = "<group>"; };
		5D02E55E2AB22D3800B9311C /* SceneDelegate.swift */ = {isa = PBXFileReference; lastKnownFileType = sourcecode.swift; path = SceneDelegate.swift; sourceTree = "<group>"; };
		5D02E5602AB22D3800B9311C /* ViewController.swift */ = {isa = PBXFileReference; lastKnownFileType = sourcecode.swift; path = ViewController.swift; sourceTree = "<group>"; };
		5D02E5632AB22D3800B9311C /* Base */ = {isa = PBXFileReference; lastKnownFileType = file.storyboard; name = Base; path = Base.lproj/Main.storyboard; sourceTree = "<group>"; };
		5D02E5652AB22D3800B9311C /* Assets.xcassets */ = {isa = PBXFileReference; lastKnownFileType = folder.assetcatalog; path = Assets.xcassets; sourceTree = "<group>"; };
		5D02E5682AB22D3800B9311C /* Base */ = {isa = PBXFileReference; lastKnownFileType = file.storyboard; name = Base; path = Base.lproj/LaunchScreen.storyboard; sourceTree = "<group>"; };
		5D02E56A2AB22D3800B9311C /* Info.plist */ = {isa = PBXFileReference; lastKnownFileType = text.plist.xml; path = Info.plist; sourceTree = "<group>"; };
		5D02E56F2AB22D3900B9311C /* ZikirMatikTests.xctest */ = {isa = PBXFileReference; explicitFileType = wrapper.cfbundle; includeInIndex = 0; path = ZikirMatikTests.xctest; sourceTree = BUILT_PRODUCTS_DIR; };
		5D02E5732AB22D3900B9311C /* ZikirMatikTests.swift */ = {isa = PBXFileReference; lastKnownFileType = sourcecode.swift; path = ZikirMatikTests.swift; sourceTree = "<group>"; };
		5D02E5792AB22D3900B9311C /* ZikirMatikUITests.xctest */ = {isa = PBXFileReference; explicitFileType = wrapper.cfbundle; includeInIndex = 0; path = ZikirMatikUITests.xctest; sourceTree = BUILT_PRODUCTS_DIR; };
		5D02E57D2AB22D3900B9311C /* ZikirMatikUITests.swift */ = {isa = PBXFileReference; lastKnownFileType = sourcecode.swift; path = ZikirMatikUITests.swift; sourceTree = "<group>"; };
		5D02E57F2AB22D3900B9311C /* ZikirMatikUITestsLaunchTests.swift */ = {isa = PBXFileReference; lastKnownFileType = sourcecode.swift; path = ZikirMatikUITestsLaunchTests.swift; sourceTree = "<group>"; };
		5DAF3E6E2AB2DC5A00DAA451 /* veriablesWiew.swift */ = {isa = PBXFileReference; lastKnownFileType = sourcecode.swift; path = veriablesWiew.swift; sourceTree = "<group>"; };
/* End PBXFileReference section */

/* Begin PBXFrameworksBuildPhase section */
		5D02E5562AB22D3800B9311C /* Frameworks */ = {
			isa = PBXFrameworksBuildPhase;
			buildActionMask = 2147483647;
			files = (
			);
			runOnlyForDeploymentPostprocessing = 0;
		};
		5D02E56C2AB22D3900B9311C /* Frameworks */ = {
			isa = PBXFrameworksBuildPhase;
			buildActionMask = 2147483647;
			files = (
			);
			runOnlyForDeploymentPostprocessing = 0;
		};
		5D02E5762AB22D3900B9311C /* Frameworks */ = {
			isa = PBXFrameworksBuildPhase;
			buildActionMask = 2147483647;
			files = (
			);
			runOnlyForDeploymentPostprocessing = 0;
		};
/* End PBXFrameworksBuildPhase section */

/* Begin PBXGroup section */
		5D02E5502AB22D3700B9311C = {
			isa = PBXGroup;
			children = (
				5D02E55B2AB22D3800B9311C /* ZikirMatik */,
				5D02E5722AB22D3900B9311C /* ZikirMatikTests */,
				5D02E57C2AB22D3900B9311C /* ZikirMatikUITests */,
				5D02E55A2AB22D3800B9311C /* Products */,
			);
			sourceTree = "<group>";
		};
		5D02E55A2AB22D3800B9311C /* Products */ = {
			isa = PBXGroup;
			children = (
				5D02E5592AB22D3800B9311C /* ZikirMatik.app */,
				5D02E56F2AB22D3900B9311C /* ZikirMatikTests.xctest */,
				5D02E5792AB22D3900B9311C /* ZikirMatikUITests.xctest */,
			);
			name = Products;
			sourceTree = "<group>";
		};
		5D02E55B2AB22D3800B9311C /* ZikirMatik */ = {
			isa = PBXGroup;
			children = (
				5D02E55C2AB22D3800B9311C /* AppDelegate.swift */,
				5D02E55E2AB22D3800B9311C /* SceneDelegate.swift */,
				5D02E5602AB22D3800B9311C /* ViewController.swift */,
				5D02E5622AB22D3800B9311C /* Main.storyboard */,
				5D02E5652AB22D3800B9311C /* Assets.xcassets */,
				5D02E5672AB22D3800B9311C /* LaunchScreen.storyboard */,
				5D02E56A2AB22D3800B9311C /* Info.plist */,
				5DAF3E6E2AB2DC5A00DAA451 /* veriablesWiew.swift */,
			);
			path = ZikirMatik;
			sourceTree = "<group>";
		};
		5D02E5722AB22D3900B9311C /* ZikirMatikTests */ = {
			isa = PBXGroup;
			children = (
				5D02E5732AB22D3900B9311C /* ZikirMatikTests.swift */,
			);
			path = ZikirMatikTests;
			sourceTree = "<group>";
		};
		5D02E57C2AB22D3900B9311C /* ZikirMatikUITests */ = {
			isa = PBXGroup;
			children = (
				5D02E57D2AB22D3900B9311C /* ZikirMatikUITests.swift */,
				5D02E57F2AB22D3900B9311C /* ZikirMatikUITestsLaunchTests.swift */,
			);
			path = ZikirMatikUITests;
			sourceTree = "<group>";
		};
/* End PBXGroup section */

/* Begin PBXNativeTarget section */
		5D02E5582AB22D3800B9311C /* ZikirMatik */ = {
			isa = PBXNativeTarget;
			buildConfigurationList = 5D02E5832AB22D3900B9311C /* Build configuration list for PBXNativeTarget "ZikirMatik" */;
			buildPhases = (
				5D02E5552AB22D3800B9311C /* Sources */,
				5D02E5562AB22D3800B9311C /* Frameworks */,
				5D02E5572AB22D3800B9311C /* Resources */,
			);
			buildRules = (
			);
			dependencies = (
			);
			name = ZikirMatik;
			productName = ZikirMatik;
			productReference = 5D02E5592AB22D3800B9311C /* ZikirMatik.app */;
			productType = "com.apple.product-type.application";
		};
		5D02E56E2AB22D3900B9311C /* ZikirMatikTests */ = {
			isa = PBXNativeTarget;
			buildConfigurationList = 5D02E5862AB22D3900B9311C /* Build configuration list for PBXNativeTarget "ZikirMatikTests" */;
			buildPhases = (
				5D02E56B2AB22D3900B9311C /* Sources */,
				5D02E56C2AB22D3900B9311C /* Frameworks */,
				5D02E56D2AB22D3900B9311C /* Resources */,
			);
			buildRules = (
			);
			dependencies = (
				5D02E5712AB22D3900B9311C /* PBXTargetDependency */,
			);
			name = ZikirMatikTests;
			productName = ZikirMatikTests;
			productReference = 5D02E56F2AB22D3900B9311C /* ZikirMatikTests.xctest */;
			productType = "com.apple.product-type.bundle.unit-test";
		};
		5D02E5782AB22D3900B9311C /* ZikirMatikUITests */ = {
			isa = PBXNativeTarget;
			buildConfigurationList = 5D02E5892AB22D3900B9311C /* Build configuration list for PBXNativeTarget "ZikirMatikUITests" */;
			buildPhases = (
				5D02E5752AB22D3900B9311C /* Sources */,
				5D02E5762AB22D3900B9311C /* Frameworks */,
				5D02E5772AB22D3900B9311C /* Resources */,
			);
			buildRules = (
			);
			dependencies = (
				5D02E57B2AB22D3900B9311C /* PBXTargetDependency */,
			);
			name = ZikirMatikUITests;
			productName = ZikirMatikUITests;
			productReference = 5D02E5792AB22D3900B9311C /* ZikirMatikUITests.xctest */;
			productType = "com.apple.product-type.bundle.ui-testing";
		};
/* End PBXNativeTarget section */

/* Begin PBXProject section */
		5D02E5512AB22D3700B9311C /* Project object */ = {
			isa = PBXProject;
			attributes = {
				BuildIndependentTargetsInParallel = 1;
				LastSwiftUpdateCheck = 1430;
				LastUpgradeCheck = 1430;
				TargetAttributes = {
					5D02E5582AB22D3800B9311C = {
						CreatedOnToolsVersion = 14.3.1;
					};
					5D02E56E2AB22D3900B9311C = {
						CreatedOnToolsVersion = 14.3.1;
						TestTargetID = 5D02E5582AB22D3800B9311C;
					};
					5D02E5782AB22D3900B9311C = {
						CreatedOnToolsVersion = 14.3.1;
						TestTargetID = 5D02E5582AB22D3800B9311C;
					};
				};
			};
			buildConfigurationList = 5D02E5542AB22D3700B9311C /* Build configuration list for PBXProject "ZikirMatik" */;
			compatibilityVersion = "Xcode 14.0";
			developmentRegion = en;
			hasScannedForEncodings = 0;
			knownRegions = (
				en,
				Base,
			);
			mainGroup = 5D02E5502AB22D3700B9311C;
			productRefGroup = 5D02E55A2AB22D3800B9311C /* Products */;
			projectDirPath = "";
			projectRoot = "";
			targets = (
				5D02E5582AB22D3800B9311C /* ZikirMatik */,
				5D02E56E2AB22D3900B9311C /* ZikirMatikTests */,
				5D02E5782AB22D3900B9311C /* ZikirMatikUITests */,
			);
		};
/* End PBXProject section */

/* Begin PBXResourcesBuildPhase section */
		5D02E5572AB22D3800B9311C /* Resources */ = {
			isa = PBXResourcesBuildPhase;
			buildActionMask = 2147483647;
			files = (
				5D02E5692AB22D3800B9311C /* LaunchScreen.storyboard in Resources */,
				5D02E5662AB22D3800B9311C /* Assets.xcassets in Resources */,
				5D02E5642AB22D3800B9311C /* Main.storyboard in Resources */,
			);
			runOnlyForDeploymentPostprocessing = 0;
		};
		5D02E56D2AB22D3900B9311C /* Resources */ = {
			isa = PBXResourcesBuildPhase;
			buildActionMask = 2147483647;
			files = (
			);
			runOnlyForDeploymentPostprocessing = 0;
		};
		5D02E5772AB22D3900B9311C /* Resources */ = {
			isa = PBXResourcesBuildPhase;
			buildActionMask = 2147483647;
			files = (
			);
			runOnlyForDeploymentPostprocessing = 0;
		};
/* End PBXResourcesBuildPhase section */

/* Begin PBXSourcesBuildPhase section */
		5D02E5552AB22D3800B9311C /* Sources */ = {
			isa = PBXSourcesBuildPhase;
			buildActionMask = 2147483647;
			files = (
				5D02E5612AB22D3800B9311C /* ViewController.swift in Sources */,
				5D02E55D2AB22D3800B9311C /* AppDelegate.swift in Sources */,
				5D02E55F2AB22D3800B9311C /* SceneDelegate.swift in Sources */,
				5DAF3E6F2AB2DC5A00DAA451 /* veriablesWiew.swift in Sources */,
			);
			runOnlyForDeploymentPostprocessing = 0;
		};
		5D02E56B2AB22D3900B9311C /* Sources */ = {
			isa = PBXSourcesBuildPhase;
			buildActionMask = 2147483647;
			files = (
				5D02E5742AB22D3900B9311C /* ZikirMatikTests.swift in Sources */,
			);
			runOnlyForDeploymentPostprocessing = 0;
		};
		5D02E5752AB22D3900B9311C /* Sources */ = {
			isa = PBXSourcesBuildPhase;
			buildActionMask = 2147483647;
			files = (
				5D02E57E2AB22D3900B9311C /* ZikirMatikUITests.swift in Sources */,
				5D02E5802AB22D3900B9311C /* ZikirMatikUITestsLaunchTests.swift in Sources */,
			);
			runOnlyForDeploymentPostprocessing = 0;
		};
/* End PBXSourcesBuildPhase section */

/* Begin PBXTargetDependency section */
		5D02E5712AB22D3900B9311C /* PBXTargetDependency */ = {
			isa = PBXTargetDependency;
			target = 5D02E5582AB22D3800B9311C /* ZikirMatik */;
			targetProxy = 5D02E5702AB22D3900B9311C /* PBXContainerItemProxy */;
		};
		5D02E57B2AB22D3900B9311C /* PBXTargetDependency */ = {
			isa = PBXTargetDependency;
			target = 5D02E5582AB22D3800B9311C /* ZikirMatik */;
			targetProxy = 5D02E57A2AB22D3900B9311C /* PBXContainerItemProxy */;
		};
/* End PBXTargetDependency section */

/* Begin PBXVariantGroup section */
		5D02E5622AB22D3800B9311C /* Main.storyboard */ = {
			isa = PBXVariantGroup;
			children = (
				5D02E5632AB22D3800B9311C /* Base */,
			);
			name = Main.storyboard;
			sourceTree = "<group>";
		};
		5D02E5672AB22D3800B9311C /* LaunchScreen.storyboard */ = {
			isa = PBXVariantGroup;
			children = (
				5D02E5682AB22D3800B9311C /* Base */,
			);
			name = LaunchScreen.storyboard;
			sourceTree = "<group>";
		};
/* End PBXVariantGroup section */

/* Begin XCBuildConfiguration section */
		5D02E5812AB22D3900B9311C /* Debug */ = {
			isa = XCBuildConfiguration;
			buildSettings = {
				ALWAYS_SEARCH_USER_PATHS = NO;
				CLANG_ANALYZER_NONNULL = YES;
				CLANG_ANALYZER_NUMBER_OBJECT_CONVERSION = YES_AGGRESSIVE;
				CLANG_CXX_LANGUAGE_STANDARD = "gnu++20";
				CLANG_ENABLE_MODULES = YES;
				CLANG_ENABLE_OBJC_ARC = YES;
				CLANG_ENABLE_OBJC_WEAK = YES;
				CLANG_WARN_BLOCK_CAPTURE_AUTORELEASING = YES;
				CLANG_WARN_BOOL_CONVERSION = YES;
				CLANG_WARN_COMMA = YES;
				CLANG_WARN_CONSTANT_CONVERSION = YES;
				CLANG_WARN_DEPRECATED_OBJC_IMPLEMENTATIONS = YES;
				CLANG_WARN_DIRECT_OBJC_ISA_USAGE = YES_ERROR;
				CLANG_WARN_DOCUMENTATION_COMMENTS = YES;
				CLANG_WARN_EMPTY_BODY = YES;
				CLANG_WARN_ENUM_CONVERSION = YES;
				CLANG_WARN_INFINITE_RECURSION = YES;
				CLANG_WARN_INT_CONVERSION = YES;
				CLANG_WARN_NON_LITERAL_NULL_CONVERSION = YES;
				CLANG_WARN_OBJC_IMPLICIT_RETAIN_SELF = YES;
				CLANG_WARN_OBJC_LITERAL_CONVERSION = YES;
				CLANG_WARN_OBJC_ROOT_CLASS = YES_ERROR;
				CLANG_WARN_QUOTED_INCLUDE_IN_FRAMEWORK_HEADER = YES;
				CLANG_WARN_RANGE_LOOP_ANALYSIS = YES;
				CLANG_WARN_STRICT_PROTOTYPES = YES;
				CLANG_WARN_SUSPICIOUS_MOVE = YES;
				CLANG_WARN_UNGUARDED_AVAILABILITY = YES_AGGRESSIVE;
				CLANG_WARN_UNREACHABLE_CODE = YES;
				CLANG_WARN__DUPLICATE_METHOD_MATCH = YES;
				COPY_PHASE_STRIP = NO;
				DEBUG_INFORMATION_FORMAT = dwarf;
				ENABLE_STRICT_OBJC_MSGSEND = YES;
				ENABLE_TESTABILITY = YES;
				GCC_C_LANGUAGE_STANDARD = gnu11;
				GCC_DYNAMIC_NO_PIC = NO;
				GCC_NO_COMMON_BLOCKS = YES;
				GCC_OPTIMIZATION_LEVEL = 0;
				GCC_PREPROCESSOR_DEFINITIONS = (
					"DEBUG=1",
					"$(inherited)",
				);
				GCC_WARN_64_TO_32_BIT_CONVERSION = YES;
				GCC_WARN_ABOUT_RETURN_TYPE = YES_ERROR;
				GCC_WARN_UNDECLARED_SELECTOR = YES;
				GCC_WARN_UNINITIALIZED_AUTOS = YES_AGGRESSIVE;
				GCC_WARN_UNUSED_FUNCTION = YES;
				GCC_WARN_UNUSED_VARIABLE = YES;
				IPHONEOS_DEPLOYMENT_TARGET = 16.4;
				MTL_ENABLE_DEBUG_INFO = INCLUDE_SOURCE;
				MTL_FAST_MATH = YES;
				ONLY_ACTIVE_ARCH = YES;
				SDKROOT = iphoneos;
				SWIFT_ACTIVE_COMPILATION_CONDITIONS = DEBUG;
				SWIFT_OPTIMIZATION_LEVEL = "-Onone";
			};
			name = Debug;
		};
		5D02E5822AB22D3900B9311C /* Release */ = {
			isa = XCBuildConfiguration;
			buildSettings = {
				ALWAYS_SEARCH_USER_PATHS = NO;
				CLANG_ANALYZER_NONNULL = YES;
				CLANG_ANALYZER_NUMBER_OBJECT_CONVERSION = YES_AGGRESSIVE;
				CLANG_CXX_LANGUAGE_STANDARD = "gnu++20";
				CLANG_ENABLE_MODULES = YES;
				CLANG_ENABLE_OBJC_ARC = YES;
				CLANG_ENABLE_OBJC_WEAK = YES;
				CLANG_WARN_BLOCK_CAPTURE_AUTORELEASING = YES;
				CLANG_WARN_BOOL_CONVERSION = YES;
				CLANG_WARN_COMMA = YES;
				CLANG_WARN_CONSTANT_CONVERSION = YES;
				CLANG_WARN_DEPRECATED_OBJC_IMPLEMENTATIONS = YES;
				CLANG_WARN_DIRECT_OBJC_ISA_USAGE = YES_ERROR;
				CLANG_WARN_DOCUMENTATION_COMMENTS = YES;
				CLANG_WARN_EMPTY_BODY = YES;
				CLANG_WARN_ENUM_CONVERSION = YES;
				CLANG_WARN_INFINITE_RECURSION = YES;
				CLANG_WARN_INT_CONVERSION = YES;
				CLANG_WARN_NON_LITERAL_NULL_CONVERSION = YES;
				CLANG_WARN_OBJC_IMPLICIT_RETAIN_SELF = YES;
				CLANG_WARN_OBJC_LITERAL_CONVERSION = YES;
				CLANG_WARN_OBJC_ROOT_CLASS = YES_ERROR;
				CLANG_WARN_QUOTED_INCLUDE_IN_FRAMEWORK_HEADER = YES;
				CLANG_WARN_RANGE_LOOP_ANALYSIS = YES;
				CLANG_WARN_STRICT_PROTOTYPES = YES;
				CLANG_WARN_SUSPICIOUS_MOVE = YES;
				CLANG_WARN_UNGUARDED_AVAILABILITY = YES_AGGRESSIVE;
				CLANG_WARN_UNREACHABLE_CODE = YES;
				CLANG_WARN__DUPLICATE_METHOD_MATCH = YES;
				COPY_PHASE_STRIP = NO;
				DEBUG_INFORMATION_FORMAT = "dwarf-with-dsym";
				ENABLE_NS_ASSERTIONS = NO;
				ENABLE_STRICT_OBJC_MSGSEND = YES;
				GCC_C_LANGUAGE_STANDARD = gnu11;
				GCC_NO_COMMON_BLOCKS = YES;
				GCC_WARN_64_TO_32_BIT_CONVERSION = YES;
				GCC_WARN_ABOUT_RETURN_TYPE = YES_ERROR;
				GCC_WARN_UNDECLARED_SELECTOR = YES;
				GCC_WARN_UNINITIALIZED_AUTOS = YES_AGGRESSIVE;
				GCC_WARN_UNUSED_FUNCTION = YES;
				GCC_WARN_UNUSED_VARIABLE = YES;
				IPHONEOS_DEPLOYMENT_TARGET = 16.4;
				MTL_ENABLE_DEBUG_INFO = NO;
				MTL_FAST_MATH = YES;
				SDKROOT = iphoneos;
				SWIFT_COMPILATION_MODE = wholemodule;
				SWIFT_OPTIMIZATION_LEVEL = "-O";
				VALIDATE_PRODUCT = YES;
			};
			name = Release;
		};
		5D02E5842AB22D3900B9311C /* Debug */ = {
			isa = XCBuildConfiguration;
			buildSettings = {
				ASSETCATALOG_COMPILER_APPICON_NAME = AppIcon;
				ASSETCATALOG_COMPILER_GLOBAL_ACCENT_COLOR_NAME = AccentColor;
				CODE_SIGN_STYLE = Automatic;
				CURRENT_PROJECT_VERSION = 1;
				GENERATE_INFOPLIST_FILE = YES;
				INFOPLIST_FILE = ZikirMatik/Info.plist;
				INFOPLIST_KEY_LSApplicationCategoryType = "public.app-category.books";
				INFOPLIST_KEY_UIApplicationSupportsIndirectInputEvents = YES;
				INFOPLIST_KEY_UILaunchStoryboardName = LaunchScreen;
				INFOPLIST_KEY_UIMainStoryboardFile = Main;
				INFOPLIST_KEY_UISupportedInterfaceOrientations_iPad = "UIInterfaceOrientationPortrait UIInterfaceOrientationPortraitUpsideDown UIInterfaceOrientationLandscapeLeft UIInterfaceOrientationLandscapeRight";
				INFOPLIST_KEY_UISupportedInterfaceOrientations_iPhone = "UIInterfaceOrientationPortrait UIInterfaceOrientationLandscapeLeft UIInterfaceOrientationLandscapeRight";
				IPHONEOS_DEPLOYMENT_TARGET = 14.0;
				LD_RUNPATH_SEARCH_PATHS = (
					"$(inherited)",
					"@executable_path/Frameworks",
				);
				MARKETING_VERSION = 1.0;
				PRODUCT_BUNDLE_IDENTIFIER = info.ZikirMatik;
				PRODUCT_NAME = "$(TARGET_NAME)";
				SWIFT_EMIT_LOC_STRINGS = YES;
				SWIFT_VERSION = 5.0;
				TARGETED_DEVICE_FAMILY = "1,2";
			};
			name = Debug;
		};
		5D02E5852AB22D3900B9311C /* Release */ = {
			isa = XCBuildConfiguration;
			buildSettings = {
				ASSETCATALOG_COMPILER_APPICON_NAME = AppIcon;
				ASSETCATALOG_COMPILER_GLOBAL_ACCENT_COLOR_NAME = AccentColor;
				CODE_SIGN_STYLE = Automatic;
				CURRENT_PROJECT_VERSION = 1;
				GENERATE_INFOPLIST_FILE = YES;
				INFOPLIST_FILE = ZikirMatik/Info.plist;
				INFOPLIST_KEY_LSApplicationCategoryType = "public.app-category.books";
				INFOPLIST_KEY_UIApplicationSupportsIndirectInputEvents = YES;
				INFOPLIST_KEY_UILaunchStoryboardName = LaunchScreen;
				INFOPLIST_KEY_UIMainStoryboardFile = Main;
				INFOPLIST_KEY_UISupportedInterfaceOrientations_iPad = "UIInterfaceOrientationPortrait UIInterfaceOrientationPortraitUpsideDown UIInterfaceOrientationLandscapeLeft UIInterfaceOrientationLandscapeRight";
				INFOPLIST_KEY_UISupportedInterfaceOrientations_iPhone = "UIInterfaceOrientationPortrait UIInterfaceOrientationLandscapeLeft UIInterfaceOrientationLandscapeRight";
				IPHONEOS_DEPLOYMENT_TARGET = 14.0;
				LD_RUNPATH_SEARCH_PATHS = (
					"$(inherited)",
					"@executable_path/Frameworks",
				);
				MARKETING_VERSION = 1.0;
				PRODUCT_BUNDLE_IDENTIFIER = info.ZikirMatik;
				PRODUCT_NAME = "$(TARGET_NAME)";
				SWIFT_EMIT_LOC_STRINGS = YES;
				SWIFT_VERSION = 5.0;
				TARGETED_DEVICE_FAMILY = "1,2";
			};
			name = Release;
		};
		5D02E5872AB22D3900B9311C /* Debug */ = {
			isa = XCBuildConfiguration;
			buildSettings = {
				ALWAYS_EMBED_SWIFT_STANDARD_LIBRARIES = YES;
				BUNDLE_LOADER = "$(TEST_HOST)";
				CODE_SIGN_STYLE = Automatic;
				CURRENT_PROJECT_VERSION = 1;
				GENERATE_INFOPLIST_FILE = YES;
				IPHONEOS_DEPLOYMENT_TARGET = 16.4;
				MARKETING_VERSION = 1.0;
				PRODUCT_BUNDLE_IDENTIFIER = info.ZikirMatikTests;
				PRODUCT_NAME = "$(TARGET_NAME)";
				SWIFT_EMIT_LOC_STRINGS = NO;
				SWIFT_VERSION = 5.0;
				TARGETED_DEVICE_FAMILY = "1,2";
				TEST_HOST = "$(BUILT_PRODUCTS_DIR)/ZikirMatik.app/$(BUNDLE_EXECUTABLE_FOLDER_PATH)/ZikirMatik";
			};
			name = Debug;
		};
		5D02E5882AB22D3900B9311C /* Release */ = {
			isa = XCBuildConfiguration;
			buildSettings = {
				ALWAYS_EMBED_SWIFT_STANDARD_LIBRARIES = YES;
				BUNDLE_LOADER = "$(TEST_HOST)";
				CODE_SIGN_STYLE = Automatic;
				CURRENT_PROJECT_VERSION = 1;
				GENERATE_INFOPLIST_FILE = YES;
				IPHONEOS_DEPLOYMENT_TARGET = 16.4;
				MARKETING_VERSION = 1.0;
				PRODUCT_BUNDLE_IDENTIFIER = info.ZikirMatikTests;
				PRODUCT_NAME = "$(TARGET_NAME)";
				SWIFT_EMIT_LOC_STRINGS = NO;
				SWIFT_VERSION = 5.0;
				TARGETED_DEVICE_FAMILY = "1,2";
				TEST_HOST = "$(BUILT_PRODUCTS_DIR)/ZikirMatik.app/$(BUNDLE_EXECUTABLE_FOLDER_PATH)/ZikirMatik";
			};
			name = Release;
		};
		5D02E58A2AB22D3900B9311C /* Debug */ = {
			isa = XCBuildConfiguration;
			buildSettings = {
				ALWAYS_EMBED_SWIFT_STANDARD_LIBRARIES = YES;
				CODE_SIGN_STYLE = Automatic;
				CURRENT_PROJECT_VERSION = 1;
				GENERATE_INFOPLIST_FILE = YES;
				MARKETING_VERSION = 1.0;
				PRODUCT_BUNDLE_IDENTIFIER = info.ZikirMatikUITests;
				PRODUCT_NAME = "$(TARGET_NAME)";
				SWIFT_EMIT_LOC_STRINGS = NO;
				SWIFT_VERSION = 5.0;
				TARGETED_DEVICE_FAMILY = "1,2";
				TEST_TARGET_NAME = ZikirMatik;
			};
			name = Debug;
		};
		5D02E58B2AB22D3900B9311C /* Release */ = {
			isa = XCBuildConfiguration;
			buildSettings = {
				ALWAYS_EMBED_SWIFT_STANDARD_LIBRARIES = YES;
				CODE_SIGN_STYLE = Automatic;
				CURRENT_PROJECT_VERSION = 1;
				GENERATE_INFOPLIST_FILE = YES;
				MARKETING_VERSION = 1.0;
				PRODUCT_BUNDLE_IDENTIFIER = info.ZikirMatikUITests;
				PRODUCT_NAME = "$(TARGET_NAME)";
				SWIFT_EMIT_LOC_STRINGS = NO;
				SWIFT_VERSION = 5.0;
				TARGETED_DEVICE_FAMILY = "1,2";
				TEST_TARGET_NAME = ZikirMatik;
			};
			name = Release;
		};
/* End XCBuildConfiguration section */

/* Begin XCConfigurationList section */
		5D02E5542AB22D3700B9311C /* Build configuration list for PBXProject "ZikirMatik" */ = {
			isa = XCConfigurationList;
			buildConfigurations = (
				5D02E5812AB22D3900B9311C /* Debug */,
				5D02E5822AB22D3900B9311C /* Release */,
			);
			defaultConfigurationIsVisible = 0;
			defaultConfigurationName = Release;
		};
		5D02E5832AB22D3900B9311C /* Build configuration list for PBXNativeTarget "ZikirMatik" */ = {
			isa = XCConfigurationList;
			buildConfigurations = (
				5D02E5842AB22D3900B9311C /* Debug */,
				5D02E5852AB22D3900B9311C /* Release */,
			);
			defaultConfigurationIsVisible = 0;
			defaultConfigurationName = Release;
		};
		5D02E5862AB22D3900B9311C /* Build configuration list for PBXNativeTarget "ZikirMatikTests" */ = {
			isa = XCConfigurationList;
			buildConfigurations = (
				5D02E5872AB22D3900B9311C /* Debug */,
				5D02E5882AB22D3900B9311C /* Release */,
			);
			defaultConfigurationIsVisible = 0;
			defaultConfigurationName = Release;
		};
		5D02E5892AB22D3900B9311C /* Build configuration list for PBXNativeTarget "ZikirMatikUITests" */ = {
			isa = XCConfigurationList;
			buildConfigurations = (
				5D02E58A2AB22D3900B9311C /* Debug */,
				5D02E58B2AB22D3900B9311C /* Release */,
			);
			defaultConfigurationIsVisible = 0;
			defaultConfigurationName = Release;
		};
/* End XCConfigurationList section */
	};
	rootObject = 5D02E5512AB22D3700B9311C /* Project object */;
}
